name: Update package-lock.json

on:
  push:
    paths:
      - "package.json"
  workflow_dispatch:

jobs:
  update-package-lock:
    runs-on: ubuntu-latest
    permissions:
      contents: write
    steps:
      - name: Checkout repository
        uses: actions/checkout@v4

      - name: Setup Node.js
        uses: actions/setup-node@v4
        with:
          node-version: "22"
          cache: "npm"

      - name: Install dependencies
        run: npm install --legacy-peer-deps

      - name: Check for changes
        id: git-check
        run: |
          git diff --exit-code package-lock.json || echo "changed=true" >> $GITHUB_OUTPUT

      - name: Commit updated package-lock.json
        if: steps.git-check.outputs.changed == 'true'
        run: |
          git config --local user.email "github-actions[bot]@users.noreply.github.com"
          git config --local user.name "github-actions[bot]"
          git add package-lock.json
          git commit -m "chore: update package-lock.json"
          git push

